
Microsoft Visual Studio Solution File, Format Version 12.00
# Visual Studio 15
VisualStudioVersion = 15.0.27703.2035
MinimumVisualStudioVersion = 10.0.40219.1
Project("{FAE04EC0-301F-11D3-BF4B-00C04F79EFBC}") = "WPF-toaster", "WPF-toaster\WPF-toaster.csproj", "{A6EA6254-979D-4C39-BAFF-27993F2BFC6B}"
EndProject
Global
	GlobalSection(SolutionConfigurationPlatforms) = preSolution
		Debug|Any CPU = Debug|Any CPU
		Release|Any CPU = Release|Any CPU
	EndGlobalSection
	GlobalSection(ProjectConfigurationPlatforms) = postSolution
		{A6EA6254-979D-4C39-BAFF-27993F2BFC6B}.Debug|Any CPU.ActiveCfg = Debug|Any CPU
		{A6EA6254-979D-4C39-BAFF-27993F2BFC6B}.Debug|Any CPU.Build.0 = Debug|Any CPU
		{A6EA6254-979D-4C39-BAFF-27993F2BFC6B}.Release|Any CPU.ActiveCfg = Release|Any CPU
		{A6EA6254-979D-4C39-BAFF-27993F2BFC6B}.Release|Any CPU.Build.0 = Release|Any CPU
	EndGlobalSection
	GlobalSection(SolutionProperties) = preSolution
		HideSolutionNode = FALSE
	EndGlobalSection
	GlobalSection(ExtensibilityGlobals) = postSolution
		SolutionGuid = {D37E1A4E-6408-4914-9842-6301060CF998}
	EndGlobalSection
EndGlobal
